<Solution>
  <Folder Name="/src/">
    <Project Path="src/PowerGit.Core/PowerGit.Core.csproj" />
    <Project Path="src/PowerGit/PowerGit.csproj" />
  </Folder>
  <Folder Name="/tests/">
    <Project Path="tests/PowerGit.Core.Tests/PowerGit.Core.Tests.csproj" />
    <Project Path="tests/PowerGit.Tests/PowerGit.Tests.csproj" />
  </Folder>
</Solution>
